github.com/davecgh/go-spew v1.1.0 h1:ZDRjVQ15GmhC3fiQ8ni8+OwkZQO4DARzQgrnXU1Liz8=
github.com/davecgh/go-spew v1.1.0/go.mod h1:J7Y8YcW2NihsgmVo/mv3lAwl/skON4iLHjSsI+c5H38=
github.com/desertbit/timer v0.0.0-20180107155436-c41aec40b27f h1:U5y3Y5UE0w7amNe7Z5G/twsBW0KEalRQXZzf8ufSh9I=
github.com/desertbit/timer v0.0.0-20180107155436-c41aec40b27f/go.mod h1:xH/i4TFMt8koVQZ6WFms69WAsDWr2XsYL3Hkl7jkoLE=
github.com/emirpasic/gods v1.12.0 h1:QAUIPSaCu4G+POclxeqb3F+WPpdKqFGlw36+yOzGlrg=
github.com/emirpasic/gods v1.12.0/go.mod h1:YfzfFFoVP/catgzJb4IKIqXjX78Ha8FMSDh3ymbK86o=
github.com/francoispqt/gojay v0.0.0-20190117044300-106fcfa8bda0 h1:uBcHH1nuSsoKhhy+RFOumWyW3mlT0tQwDNgslh+Lx3c=
github.com/francoispqt/gojay v0.0.0-20190117044300-106fcfa8bda0/go.mod h1:H8Wgri1Asi1VevY3ySdpIK5+KCpqzToVswNq8g2xZj4=
github.com/mailru/easyjson v0.0.0-20180823135443-60711f1a8329 h1:2gxZ0XQIU/5z3Z3bUBu+FXuk2pFbkN6tcwi/pjyaDic=
github.com/mailru/easyjson v0.0.0-20180823135443-60711f1a8329/go.mod h1:C1wdFJiN94OJF2b5HbByQZoLdCWB1Yqtg26g4irojpc=
github.com/mic90/flowcontrol-ng v0.0.0-20190119144525-f352487e08ac h1:3tcKnvqJkfpfCoHX1tv3ELHaP5oztFddywYFLc2pq4Y=
github.com/mic90/flowcontrol-ng v0.0.0-20190119144525-f352487e08ac/go.mod h1:qm65fqeqwT3+Xs1ixDtO1Oc+adlljMseGTWmJoMNok4=
github.com/pmezard/go-difflib v1.0.0 h1:4DBwDE0NGyQoBHbLQYPwSUPoCMWR5BEzIk/f1lZbAQM=
github.com/pmezard/go-difflib v1.0.0/go.mod h1:iKH77koFhYxTK1pcRnkKkqfTogsbg7gZNVY4sRDYZ/4=
github.com/stretchr/objx v0.1.0/go.mod h1:HFkY916IF+rwdDfMAkV7OtwuqBVzrE8GR6GFx+wExME=
github.com/stretchr/testify v1.3.0 h1:TivCn/peBQ7UY8ooIcPgZFpTNSz0Q2U6UrFlUfqbe0Q=
github.com/stretchr/testify v1.3.0/go.mod h1:M5WIy9Dh21IEIfnGCwXGc5bZfKNJtfHm1UVUgZn+9EI=
